
Microsoft Visual Studio Solution File, Format Version 12.00
# Visual Studio Version 16
VisualStudioVersion = 16.0.29905.134
MinimumVisualStudioVersion = 10.0.40219.1
Project("{9A19103F-16F7-4668-BE54-9A1E7A4F7556}") = "Cy.WeChat.Hosting", "Cy.WeChat.Hosting\Cy.WeChat.Hosting.csproj", "{467896C1-416B-4265-9A1E-D99933B95257}"
EndProject
Project("{9A19103F-16F7-4668-BE54-9A1E7A4F7556}") = "Cy.WeChat.Client", "Cy.WeChat.Client\Cy.WeChat.Client.csproj", "{325D029C-BB70-4C12-9F99-178FF4F977E3}"
EndProject
Project("{9A19103F-16F7-4668-BE54-9A1E7A4F7556}") = "Cy.WeChat.Models", "Cy.WeChat.Models\Cy.WeChat.Models.csproj", "{30490309-D94A-4430-AFE4-4D9FCDA1BD12}"
EndProject
Project("{FAE04EC0-301F-11D3-BF4B-00C04F79EFBC}") = "Cy.WeChat.Browser", "Cy.WeChat.Browser\Cy.WeChat.Browser.csproj", "{EFDC0D1A-33FC-485B-9C4F-7CAC1CD58B2E}"
EndProject
Global
	GlobalSection(SolutionConfigurationPlatforms) = preSolution
		Debug|Any CPU = Debug|Any CPU
		Release|Any CPU = Release|Any CPU
	EndGlobalSection
	GlobalSection(ProjectConfigurationPlatforms) = postSolution
		{467896C1-416B-4265-9A1E-D99933B95257}.Debug|Any CPU.ActiveCfg = Debug|Any CPU
		{467896C1-416B-4265-9A1E-D99933B95257}.Debug|Any CPU.Build.0 = Debug|Any CPU
		{467896C1-416B-4265-9A1E-D99933B95257}.Release|Any CPU.ActiveCfg = Release|Any CPU
		{467896C1-416B-4265-9A1E-D99933B95257}.Release|Any CPU.Build.0 = Release|Any CPU
		{325D029C-BB70-4C12-9F99-178FF4F977E3}.Debug|Any CPU.ActiveCfg = Debug|Any CPU
		{325D029C-BB70-4C12-9F99-178FF4F977E3}.Debug|Any CPU.Build.0 = Debug|Any CPU
		{325D029C-BB70-4C12-9F99-178FF4F977E3}.Release|Any CPU.ActiveCfg = Release|Any CPU
		{325D029C-BB70-4C12-9F99-178FF4F977E3}.Release|Any CPU.Build.0 = Release|Any CPU
		{30490309-D94A-4430-AFE4-4D9FCDA1BD12}.Debug|Any CPU.ActiveCfg = Debug|Any CPU
		{30490309-D94A-4430-AFE4-4D9FCDA1BD12}.Debug|Any CPU.Build.0 = Debug|Any CPU
		{30490309-D94A-4430-AFE4-4D9FCDA1BD12}.Release|Any CPU.ActiveCfg = Release|Any CPU
		{30490309-D94A-4430-AFE4-4D9FCDA1BD12}.Release|Any CPU.Build.0 = Release|Any CPU
		{EFDC0D1A-33FC-485B-9C4F-7CAC1CD58B2E}.Debug|Any CPU.ActiveCfg = Debug|Any CPU
		{EFDC0D1A-33FC-485B-9C4F-7CAC1CD58B2E}.Debug|Any CPU.Build.0 = Debug|Any CPU
		{EFDC0D1A-33FC-485B-9C4F-7CAC1CD58B2E}.Release|Any CPU.ActiveCfg = Release|Any CPU
		{EFDC0D1A-33FC-485B-9C4F-7CAC1CD58B2E}.Release|Any CPU.Build.0 = Release|Any CPU
	EndGlobalSection
	GlobalSection(SolutionProperties) = preSolution
		HideSolutionNode = FALSE
	EndGlobalSection
	GlobalSection(ExtensibilityGlobals) = postSolution
		SolutionGuid = {DCCBF896-3862-4FD1-8CB1-0AE733941788}
	EndGlobalSection
EndGlobal
